{
  "version": "5",
  "specifiers": {
    "jsr:@deno/loader@~0.1.1": "0.1.1",
    "jsr:@std/path@^1.1.0": "1.1.0",
    "npm:@types/node@*": "22.15.15",
    "npm:rolldown@1.0.0-beta.16": "1.0.0-beta.16"
  },
  "jsr": {
    "@deno/loader@0.1.1": {
      "integrity": "aa922f5e3c2d61578a1d844b98f5afcc02fd1c7dbfec842971ae72cb1b70ddff"
    },
    "@std/path@1.1.0": {
      "integrity": "ddc94f8e3c275627281cbc23341df6b8bcc874d70374f75fec2533521e3d6886"
    }
  },
  "npm": {
    "@emnapi/core@1.4.3": {
      "integrity": "sha512-4m62DuCE07lw01soJwPiBGC0nAww0Q+RY70VZ+n49yDIO13yyinhbWCeNnaob0lakDtWQzSdtNWzJeOJt2ma+g==",
      "dependencies": [
        "@emnapi/wasi-threads",
        "tslib"
      ]
    },
    "@emnapi/runtime@1.4.3": {
      "integrity": "sha512-pBPWdu6MLKROBX05wSNKcNb++m5Er+KQ9QkB+WVM+pW2Kx9hoSrVTnu3BdkI5eBLZoKu/J6mW/B6i6bJB2ytXQ==",
      "dependencies": [
        "tslib"
      ]
    },
    "@emnapi/wasi-threads@1.0.2": {
      "integrity": "sha512-5n3nTJblwRi8LlXkJ9eBzu+kZR8Yxcc7ubakyQTFzPMtIhFpUBRbsnc2Dv88IZDIbCDlBiWrknhB4Lsz7mg6BA==",
      "dependencies": [
        "tslib"
      ]
    },
    "@napi-rs/wasm-runtime@0.2.11": {
      "integrity": "sha512-9DPkXtvHydrcOsopiYpUgPHpmj0HWZKMUnL2dZqpvC42lsratuBG06V5ipyno0fUek5VlFsNQ+AcFATSrJXgMA==",
      "dependencies": [
        "@emnapi/core",
        "@emnapi/runtime",
        "@tybys/wasm-util"
      ]
    },
    "@oxc-project/runtime@0.73.0": {
      "integrity": "sha512-YFvBzVQK/ix0RQxOI02ebCumehSHoiJgvb7nOU4o7xFoMnnujLdjmxnEBK/qiOQrEyXlY69gXGMEsKYVe+YZ3A=="
    },
    "@oxc-project/types@0.73.0": {
      "integrity": "sha512-ZQS7dpsga43R7bjqRKHRhOeNpuIBeLBnlS3M6H3IqWIWiapGOQIxp4lpETLBYupkSd4dh85ESFn6vAvtpPdGkA=="
    },
    "@rolldown/binding-darwin-arm64@1.0.0-beta.16": {
      "integrity": "sha512-dzlvuodUFc/QX97jYSsPHtYysqeSeM5gBxiN+DpV93tXEYyFMWm3cECxNmShz4ZM+lrgm6eG2/txzLZ/z9qWLw==",
      "os": ["darwin"],
      "cpu": ["arm64"]
    },
    "@rolldown/binding-darwin-x64@1.0.0-beta.16": {
      "integrity": "sha512-H5604ucjaYy5AxxuOP/CoE5RV3lKCJ+btclWL5rV+hVh0qNN9dVgve+onzAYmi8h2RBPET1Novj+2KB640PC9Q==",
      "os": ["darwin"],
      "cpu": ["x64"]
    },
    "@rolldown/binding-freebsd-x64@1.0.0-beta.16": {
      "integrity": "sha512-DDzmSFFKfAcrUJfuwK4URKl28fIgK8fT5Kp374B1iJJ9KwcqIZzN1a3s/ubjTGIwiE+vUDEclVQ3z9R0VwkGAQ==",
      "os": ["freebsd"],
      "cpu": ["x64"]
    },
    "@rolldown/binding-linux-arm-gnueabihf@1.0.0-beta.16": {
      "integrity": "sha512-xkCdzCXW6SSDlFYaHjzCFrsbqxxo60YKVW4B/G2ST8HYruv0Ql4qpoQw7WoGeXL+bc/3RpKWzsxIiooUKX6e9Q==",
      "os": ["linux"],
      "cpu": ["arm"]
    },
    "@rolldown/binding-linux-arm64-gnu@1.0.0-beta.16": {
      "integrity": "sha512-Yrz782pZsFVfxlsqppDneV2dl7St7lGt1uCscXnLC0vXiesj59vl3sULQ45eMKKeEEqPKz7X8OAJI7ao6zLSyg==",
      "os": ["linux"],
      "cpu": ["arm64"]
    },
    "@rolldown/binding-linux-arm64-musl@1.0.0-beta.16": {
      "integrity": "sha512-1M8jPk7BICBjKfqNZCMtcLvzpEFHBkySPHt+RsYGZhFuAbCb352C9ilWsjpi7WwhWBOvh6tHUNmO77NTKlLxkA==",
      "os": ["linux"],
      "cpu": ["arm64"]
    },
    "@rolldown/binding-linux-x64-gnu@1.0.0-beta.16": {
      "integrity": "sha512-6xhZMDt4r3r3DeurJFakCqev0ct0FHU9hQPvoaHTE3EfC0yRhUp7aQmf2lsB7YVU7Zcel/KiOv/DjJQR9fntog==",
      "os": ["linux"],
      "cpu": ["x64"]
    },
    "@rolldown/binding-linux-x64-musl@1.0.0-beta.16": {
      "integrity": "sha512-zYnSz4Z39kEUUA1B03KbNFGgCNykZPhaDltJGY9C3bA3zU5+Ygtr+aeaRxEgXYP4PYBqE3rhPIGmDnlTzx18wA==",
      "os": ["linux"],
      "cpu": ["x64"]
    },
    "@rolldown/binding-wasm32-wasi@1.0.0-beta.16": {
      "integrity": "sha512-gFWaCVJENQWYAWkk6yJbteyMmxdZAYE9VLB4S4YqfxOYbGvVxq0K1Dn89uPEzN4beEaLToe917YzXqLdv4tPvQ==",
      "dependencies": [
        "@napi-rs/wasm-runtime"
      ],
      "cpu": ["wasm32"]
    },
    "@rolldown/binding-win32-arm64-msvc@1.0.0-beta.16": {
      "integrity": "sha512-rbXNzlc3/aZSNaIWKAx6TGGUcgSnDmBYxyHLYthtAXz1uvg2o0YsAKYJszWHk0fTrjtKnDXLxwNjua1pf87cZA==",
      "os": ["win32"],
      "cpu": ["arm64"]
    },
    "@rolldown/binding-win32-ia32-msvc@1.0.0-beta.16": {
      "integrity": "sha512-9o4nk+IEvyWkE5qsLjcN+Sic869hELVZ5FsEvDruCa9sX5qZV4A5pj5bR9Sc+x4L0Aa1kQkPdChgxRqV1tgOdw==",
      "os": ["win32"],
      "cpu": ["ia32"]
    },
    "@rolldown/binding-win32-x64-msvc@1.0.0-beta.16": {
      "integrity": "sha512-PJSdUi02LT2dRS5nRNmqWTAEvq11NSBfPK5DoCTUj4DaUHJd05jBBtVyLabTutjaACN53O/pLOXds73W4obZ/g==",
      "os": ["win32"],
      "cpu": ["x64"]
    },
    "@rolldown/pluginutils@1.0.0-beta.16": {
      "integrity": "sha512-w3f87JpF7lgIlK03I0R3XidspFgB4MsixE5o/VjBMJI+Ki4XW/Ffrykmj2AUCbVxhRD7Pi9W0Qu2XapJhB2mSA=="
    },
    "@tybys/wasm-util@0.9.0": {
      "integrity": "sha512-6+7nlbMVX/PVDCwaIQ8nTOPveOcFLSt8GcXdx8hD0bt39uWxYT88uXzqTd4fTvqta7oeUJqudepapKNt2DYJFw==",
      "dependencies": [
        "tslib"
      ]
    },
    "@types/node@22.15.15": {
      "integrity": "sha512-R5muMcZob3/Jjchn5LcO8jdKwSCbzqmPB6ruBxMcf9kbxtniZHP327s6C37iOfuw8mbKK3cAQa7sEl7afLrQ8A==",
      "dependencies": [
        "undici-types"
      ]
    },
    "ansis@4.1.0": {
      "integrity": "sha512-BGcItUBWSMRgOCe+SVZJ+S7yTRG0eGt9cXAHev72yuGcY23hnLA7Bky5L/xLyPINoSN95geovfBkqoTlNZYa7w=="
    },
    "rolldown@1.0.0-beta.16": {
      "integrity": "sha512-ruNh01VbnTJsW0kgYywrQ80FUY0yJvXqavPVljGg0dRiwggYB7yXlypw1ptkFiomkEOnOGiwncjiviUakgPHxg==",
      "dependencies": [
        "@oxc-project/runtime",
        "@oxc-project/types",
        "@rolldown/pluginutils",
        "ansis"
      ],
      "optionalDependencies": [
        "@rolldown/binding-darwin-arm64",
        "@rolldown/binding-darwin-x64",
        "@rolldown/binding-freebsd-x64",
        "@rolldown/binding-linux-arm-gnueabihf",
        "@rolldown/binding-linux-arm64-gnu",
        "@rolldown/binding-linux-arm64-musl",
        "@rolldown/binding-linux-x64-gnu",
        "@rolldown/binding-linux-x64-musl",
        "@rolldown/binding-wasm32-wasi",
        "@rolldown/binding-win32-arm64-msvc",
        "@rolldown/binding-win32-ia32-msvc",
        "@rolldown/binding-win32-x64-msvc"
      ],
      "bin": true
    },
    "tslib@2.8.1": {
      "integrity": "sha512-oJFu94HQb+KVduSUQL7wnpmqnfmLsOA/nAh6b6EH0wCEoK0/mPeXU6c3wKDV83MkOuHPRHtSXKKU99IBazS/2w=="
    },
    "undici-types@6.21.0": {
      "integrity": "sha512-iwDZqg0QAGrg9Rav5H4n0M64c3mkR59cJ6wQp+7C4nI0gsmExaedaYLNO44eT4AtBBwjbTiGPMlt2Md0T9H9JQ=="
    }
  },
  "workspace": {
    "dependencies": [
      "jsr:@deno/loader@~0.1.1",
      "jsr:@std/path@^1.1.0",
      "npm:rolldown@1.0.0-beta.16"
    ]
  }
}
