{
  "version": "5",
  "specifiers": {
    "jsr:@deno/loader@~0.1.2": "0.1.2",
    "jsr:@std/path@^1.1.0": "1.1.0",
    "npm:rolldown@1.0.0-beta.18": "1.0.0-beta.18"
  },
  "jsr": {
    "@deno/loader@0.1.2": {
      "integrity": "36882e2ef7cc57a0f8924877593b98e3c58fbd2359884ff4e0bf2f50ff6ceff3"
    },
    "@std/path@1.1.0": {
      "integrity": "ddc94f8e3c275627281cbc23341df6b8bcc874d70374f75fec2533521e3d6886"
    }
  },
  "npm": {
    "@emnapi/core@1.4.3": {
      "integrity": "sha512-4m62DuCE07lw01soJwPiBGC0nAww0Q+RY70VZ+n49yDIO13yyinhbWCeNnaob0lakDtWQzSdtNWzJeOJt2ma+g==",
      "dependencies": [
        "@emnapi/wasi-threads",
        "tslib"
      ]
    },
    "@emnapi/runtime@1.4.3": {
      "integrity": "sha512-pBPWdu6MLKROBX05wSNKcNb++m5Er+KQ9QkB+WVM+pW2Kx9hoSrVTnu3BdkI5eBLZoKu/J6mW/B6i6bJB2ytXQ==",
      "dependencies": [
        "tslib"
      ]
    },
    "@emnapi/wasi-threads@1.0.2": {
      "integrity": "sha512-5n3nTJblwRi8LlXkJ9eBzu+kZR8Yxcc7ubakyQTFzPMtIhFpUBRbsnc2Dv88IZDIbCDlBiWrknhB4Lsz7mg6BA==",
      "dependencies": [
        "tslib"
      ]
    },
    "@napi-rs/wasm-runtime@0.2.11": {
      "integrity": "sha512-9DPkXtvHydrcOsopiYpUgPHpmj0HWZKMUnL2dZqpvC42lsratuBG06V5ipyno0fUek5VlFsNQ+AcFATSrJXgMA==",
      "dependencies": [
        "@emnapi/core",
        "@emnapi/runtime",
        "@tybys/wasm-util"
      ]
    },
    "@oxc-project/runtime@0.73.2": {
      "integrity": "sha512-wbUN3K3zjMRHxAsNm1nKHebSnDY800b3LxQFTr9wSZpdQdhiQQAZpRIFsYjh0sAotoyqahN576sB1DmpPUhl5Q=="
    },
    "@oxc-project/types@0.73.2": {
      "integrity": "sha512-kU2FjfCb9VTNg/KbOTKVi2sYrKTkNQYq1Fi1v1jCKjbUGA9wqkNDqijNBLeDwagFtDuK2EIWvTzNDYU4k/918g=="
    },
    "@rolldown/binding-darwin-arm64@1.0.0-beta.18": {
      "integrity": "sha512-F1kqKxIuh9XM6ViC3/Ltz6ARpyUo6b1b2Lo1BhMwR5KwQ06OdOAOY9fmVW5XJ9hHYzABGgvH4hfjtYad0KshAA==",
      "os": ["darwin"],
      "cpu": ["arm64"]
    },
    "@rolldown/binding-darwin-x64@1.0.0-beta.18": {
      "integrity": "sha512-yTBBCYbjFJSekFqv+JL6NEIvvbCZ00Z+GPT/PfgOy+jv+4nOh6Aq8pfzjtt8unSydiAihDdYwBEynXqcCTy5+g==",
      "os": ["darwin"],
      "cpu": ["x64"]
    },
    "@rolldown/binding-freebsd-x64@1.0.0-beta.18": {
      "integrity": "sha512-chPkl0kricdSUXI/BgQmTpWppXT0tAv9gqLR7dNEHjdmYC1Dc/I8BEqiNXPkVNY4g2mtprxH3kcKTDiOqTT0Ag==",
      "os": ["freebsd"],
      "cpu": ["x64"]
    },
    "@rolldown/binding-linux-arm-gnueabihf@1.0.0-beta.18": {
      "integrity": "sha512-jxiVMjr4jtoGirq5WW27RtcctLTXTelNEOSkWEf4m++6Mz1wOaaszSwP7X2MbUts/oaiSAqxdznovkL9Pb6fKg==",
      "os": ["linux"],
      "cpu": ["arm"]
    },
    "@rolldown/binding-linux-arm64-gnu@1.0.0-beta.18": {
      "integrity": "sha512-1sPHSN70R2tAc0/YTzpWfRwz5v+GtA+sfI3qS37dO5esWqWSWYPTX75I2H6CSjJlSxe08K40NuSB7gPaVBtUjg==",
      "os": ["linux"],
      "cpu": ["arm64"]
    },
    "@rolldown/binding-linux-arm64-musl@1.0.0-beta.18": {
      "integrity": "sha512-3dEGJz4GkZeUofdN1rmeep7tab0/ZR/bwkx2zoIpbEJ/k01IwR3U/Ee141+uiF9cOB3afFYaRGAHkbYwWY/hPg==",
      "os": ["linux"],
      "cpu": ["arm64"]
    },
    "@rolldown/binding-linux-x64-gnu@1.0.0-beta.18": {
      "integrity": "sha512-e7ey7JguX3mseJdIsxLPR4x6ERGlN1AmulQqX6xWHOoEMQqU7nmHd2GZfJVBPQNUg4Vpw15bryPZnVdMljCdUQ==",
      "os": ["linux"],
      "cpu": ["x64"]
    },
    "@rolldown/binding-linux-x64-musl@1.0.0-beta.18": {
      "integrity": "sha512-GsEWnxn1locPdsiiQ6pvAkzcAI+nXcjsEfgUqA9oy4FDSKhLJUXvh/m/6bnTJn80aDFBlrkn2+pAWBtkMcA19g==",
      "os": ["linux"],
      "cpu": ["x64"]
    },
    "@rolldown/binding-wasm32-wasi@1.0.0-beta.18": {
      "integrity": "sha512-BO3zogNUQpQARwnZP8DXlfghoD7mn6QfeY8EJhVsZS/hRZIUXJJqGJ4gdMHa5OJgwt64/Dc5mM0g1cI7gLHeCw==",
      "dependencies": [
        "@napi-rs/wasm-runtime"
      ],
      "cpu": ["wasm32"]
    },
    "@rolldown/binding-win32-arm64-msvc@1.0.0-beta.18": {
      "integrity": "sha512-52GjiZ7xF0VcU9OpieR9bYDLAikFHxUC8mHWisF3RjTcfjMIvRjx9NfBeyqAGBMwTnIEg1KbJr/KEsd3R9I5Yw==",
      "os": ["win32"],
      "cpu": ["arm64"]
    },
    "@rolldown/binding-win32-ia32-msvc@1.0.0-beta.18": {
      "integrity": "sha512-aTT1PV/aYYVc8VbXcHxf6swiYq8SylvkOMi16K/mJJTDA1W8rL2VL5eei5W8W5KDs9qHBMK0lqFFiY7y9JcdLw==",
      "os": ["win32"],
      "cpu": ["ia32"]
    },
    "@rolldown/binding-win32-x64-msvc@1.0.0-beta.18": {
      "integrity": "sha512-JDrmS5t/51D5q3+ZZEvj6cjDxXrB5/x7ijaSaMImaTqnbxt7B4R+Nnis95OfTSwuy3gybBWVNEO9O0Aw4DasWg==",
      "os": ["win32"],
      "cpu": ["x64"]
    },
    "@rolldown/pluginutils@1.0.0-beta.18": {
      "integrity": "sha512-sHG++r1AOeQrzp0Lm3w9TBuaMHty3rU4yCZ4Vd/s428dvv3eTIhuRqHPHJCBlVpZjOJ5b4ZcBPTyRCsDKFt2+w=="
    },
    "@tybys/wasm-util@0.9.0": {
      "integrity": "sha512-6+7nlbMVX/PVDCwaIQ8nTOPveOcFLSt8GcXdx8hD0bt39uWxYT88uXzqTd4fTvqta7oeUJqudepapKNt2DYJFw==",
      "dependencies": [
        "tslib"
      ]
    },
    "ansis@4.1.0": {
      "integrity": "sha512-BGcItUBWSMRgOCe+SVZJ+S7yTRG0eGt9cXAHev72yuGcY23hnLA7Bky5L/xLyPINoSN95geovfBkqoTlNZYa7w=="
    },
    "rolldown@1.0.0-beta.18": {
      "integrity": "sha512-8svdqTMfF/LJ9ZS8NVT4pXAQDFXRrZFVyh9h+qbBprQ4Bge2dj1HkMl3b5LTJdvQY2ioWIBYsMBPw5TJ86j72Q==",
      "dependencies": [
        "@oxc-project/runtime",
        "@oxc-project/types",
        "@rolldown/pluginutils",
        "ansis"
      ],
      "optionalDependencies": [
        "@rolldown/binding-darwin-arm64",
        "@rolldown/binding-darwin-x64",
        "@rolldown/binding-freebsd-x64",
        "@rolldown/binding-linux-arm-gnueabihf",
        "@rolldown/binding-linux-arm64-gnu",
        "@rolldown/binding-linux-arm64-musl",
        "@rolldown/binding-linux-x64-gnu",
        "@rolldown/binding-linux-x64-musl",
        "@rolldown/binding-wasm32-wasi",
        "@rolldown/binding-win32-arm64-msvc",
        "@rolldown/binding-win32-ia32-msvc",
        "@rolldown/binding-win32-x64-msvc"
      ],
      "bin": true
    },
    "tslib@2.8.1": {
      "integrity": "sha512-oJFu94HQb+KVduSUQL7wnpmqnfmLsOA/nAh6b6EH0wCEoK0/mPeXU6c3wKDV83MkOuHPRHtSXKKU99IBazS/2w=="
    }
  },
  "workspace": {
    "dependencies": [
      "jsr:@deno/loader@~0.1.2",
      "jsr:@std/path@^1.1.0",
      "npm:rolldown@1.0.0-beta.18"
    ]
  }
}
